
Microsoft Visual Studio Solution File, Format Version 12.00
# Visual Studio Version 17
VisualStudioVersion = 17.0.31919.166
MinimumVisualStudioVersion = 10.0.40219.1
Project("{FAE04EC0-301F-11D3-BF4B-00C04F79EFBC}") = "Lizenzverwaltung", "Lizenzverwaltung\Lizenzverwaltung.csproj", "{B8C8A9E6-4187-47B6-8E21-DC672F3FA086}"
EndProject
Global
	GlobalSection(SolutionConfigurationPlatforms) = preSolution
		Debug|Any CPU = Debug|Any CPU
		Release|Any CPU = Release|Any CPU
	EndGlobalSection
	GlobalSection(ProjectConfigurationPlatforms) = postSolution
		{B8C8A9E6-4187-47B6-8E21-DC672F3FA086}.Debug|Any CPU.ActiveCfg = Debug|Any CPU
		{B8C8A9E6-4187-47B6-8E21-DC672F3FA086}.Debug|Any CPU.Build.0 = Debug|Any CPU
		{B8C8A9E6-4187-47B6-8E21-DC672F3FA086}.Release|Any CPU.ActiveCfg = Release|Any CPU
		{B8C8A9E6-4187-47B6-8E21-DC672F3FA086}.Release|Any CPU.Build.0 = Release|Any CPU
	EndGlobalSection
	GlobalSection(SolutionProperties) = preSolution
		HideSolutionNode = FALSE
	EndGlobalSection
	GlobalSection(ExtensibilityGlobals) = postSolution
		SolutionGuid = {2753CEB0-A096-48D1-AB61-80A259496304}
	EndGlobalSection
EndGlobal
